Microsoft Visual Studio Solution File, Format Version 12.00
# Visual Studio Version 18
VisualStudioVersion = 18.5.11716.220 stable
MinimumVisualStudioVersion = 10.0.40219.1
Project("{9A19103F-16F7-4668-BE54-9A1E7A4F7556}") = "D365ContextExporter", "D365ContextExporter\D365ContextExporter.csproj", "{8A4B2C1D-3E5F-6070-8192-A3B4C5D6E7F8}"
EndProject
Project("{9A19103F-16F7-4668-BE54-9A1E7A4F7556}") = "D365ContextExporter.Tests", "D365ContextExporter.Tests\D365ContextExporter.Tests.csproj", "{1B2C3D4E-5F6A-7080-9192-B3C4D5E6F7A8}"
EndProject
Project("{FAE04EC0-301F-11D3-BF4B-00C04F79EFBC}") = "XrmToolBox", "..\..\..\XrmToolBox\XrmToolBox\XrmToolBox.csproj", "{328D55BE-8B9A-4087-A5C2-9FBAF623F54B}"
	ProjectSection(ProjectDependencies) = postProject
		{8A4B2C1D-3E5F-6070-8192-A3B4C5D6E7F8} = {8A4B2C1D-3E5F-6070-8192-A3B4C5D6E7F8}
	EndProjectSection
EndProject
Project("{FAE04EC0-301F-11D3-BF4B-00C04F79EFBC}") = "XrmToolBox.Extensibility", "..\..\..\XrmToolBox\XrmToolBox.Extensibility\XrmToolBox.Extensibility.csproj", "{DF77AEA3-43F7-403C-91AF-3023A3BB06EC}"
EndProject
Project("{FAE04EC0-301F-11D3-BF4B-00C04F79EFBC}") = "XrmToolBox.AutoUpdater", "..\..\..\XrmToolBox\XrmToolBox.AutoUpdater\XrmToolBox.AutoUpdater.csproj", "{564C72C8-586E-4218-B6B3-F464F7C3903A}"
EndProject
Project("{FAE04EC0-301F-11D3-BF4B-00C04F79EFBC}") = "XrmToolBox.ToolLibrary", "..\..\..\XrmToolBox\XrmToolBox.ToolLibrary\XrmToolBox.ToolLibrary.csproj", "{626AEBA8-4315-4D82-B8B9-B94200FD7589}"
EndProject
Global
	GlobalSection(SolutionConfigurationPlatforms) = preSolution
		Debug|Any CPU = Debug|Any CPU
		Release|Any CPU = Release|Any CPU
	EndGlobalSection
	GlobalSection(ProjectConfigurationPlatforms) = postSolution
		{8A4B2C1D-3E5F-6070-8192-A3B4C5D6E7F8}.Debug|Any CPU.ActiveCfg = Debug|Any CPU
		{8A4B2C1D-3E5F-6070-8192-A3B4C5D6E7F8}.Debug|Any CPU.Build.0 = Debug|Any CPU
		{8A4B2C1D-3E5F-6070-8192-A3B4C5D6E7F8}.Release|Any CPU.ActiveCfg = Release|Any CPU
		{8A4B2C1D-3E5F-6070-8192-A3B4C5D6E7F8}.Release|Any CPU.Build.0 = Release|Any CPU
		{1B2C3D4E-5F6A-7080-9192-B3C4D5E6F7A8}.Debug|Any CPU.ActiveCfg = Debug|Any CPU
		{1B2C3D4E-5F6A-7080-9192-B3C4D5E6F7A8}.Debug|Any CPU.Build.0 = Debug|Any CPU
		{1B2C3D4E-5F6A-7080-9192-B3C4D5E6F7A8}.Release|Any CPU.ActiveCfg = Release|Any CPU
		{1B2C3D4E-5F6A-7080-9192-B3C4D5E6F7A8}.Release|Any CPU.Build.0 = Release|Any CPU
		{328D55BE-8B9A-4087-A5C2-9FBAF623F54B}.Debug|Any CPU.ActiveCfg = Debug|Any CPU
		{328D55BE-8B9A-4087-A5C2-9FBAF623F54B}.Debug|Any CPU.Build.0 = Debug|Any CPU
		{328D55BE-8B9A-4087-A5C2-9FBAF623F54B}.Release|Any CPU.ActiveCfg = Release|Any CPU
		{328D55BE-8B9A-4087-A5C2-9FBAF623F54B}.Release|Any CPU.Build.0 = Release|Any CPU
		{DF77AEA3-43F7-403C-91AF-3023A3BB06EC}.Debug|Any CPU.ActiveCfg = Debug|Any CPU
		{DF77AEA3-43F7-403C-91AF-3023A3BB06EC}.Debug|Any CPU.Build.0 = Debug|Any CPU
		{DF77AEA3-43F7-403C-91AF-3023A3BB06EC}.Release|Any CPU.ActiveCfg = Release|Any CPU
		{DF77AEA3-43F7-403C-91AF-3023A3BB06EC}.Release|Any CPU.Build.0 = Release|Any CPU
		{564C72C8-586E-4218-B6B3-F464F7C3903A}.Debug|Any CPU.ActiveCfg = Debug|Any CPU
		{564C72C8-586E-4218-B6B3-F464F7C3903A}.Debug|Any CPU.Build.0 = Debug|Any CPU
		{564C72C8-586E-4218-B6B3-F464F7C3903A}.Release|Any CPU.ActiveCfg = Release|Any CPU
		{564C72C8-586E-4218-B6B3-F464F7C3903A}.Release|Any CPU.Build.0 = Release|Any CPU
		{626AEBA8-4315-4D82-B8B9-B94200FD7589}.Debug|Any CPU.ActiveCfg = Debug|Any CPU
		{626AEBA8-4315-4D82-B8B9-B94200FD7589}.Debug|Any CPU.Build.0 = Debug|Any CPU
		{626AEBA8-4315-4D82-B8B9-B94200FD7589}.Release|Any CPU.ActiveCfg = Release|Any CPU
		{626AEBA8-4315-4D82-B8B9-B94200FD7589}.Release|Any CPU.Build.0 = Release|Any CPU
	EndGlobalSection
	GlobalSection(SolutionProperties) = preSolution
		HideSolutionNode = FALSE
	EndGlobalSection
	GlobalSection(ExtensibilityGlobals) = postSolution
		SolutionGuid = {1D2D6A42-C340-4B43-9BB4-066332C1CDE4}
	EndGlobalSection
EndGlobal
